// !$*UTF8*$!
{
	archiveVersion = 1;
	classes = {
	};
	objectVersion = 46;
	objects = {

/* Begin PBXBuildFile section */
		153EE9381CC08AF900EC772E /* PopoverAnimator.swift in Sources */ = {isa = PBXBuildFile; fileRef = 153EE9371CC08AF900EC772E /* PopoverAnimator.swift */; };
		153EE93B1CC09A1C00EC772E /* QRCodeViewController.storyboard in Resources */ = {isa = PBXBuildFile; fileRef = 153EE93A1CC09A1C00EC772E /* QRCodeViewController.storyboard */; };
		153EE93D1CC09A3900EC772E /* QRCodeViewController.swift in Sources */ = {isa = PBXBuildFile; fileRef = 153EE93C1CC09A3900EC772E /* QRCodeViewController.swift */; };
		15446C631CCB6B8000FA524C /* QRCodeCardViewController.swift in Sources */ = {isa = PBXBuildFile; fileRef = 15446C621CCB6B8000FA524C /* QRCodeCardViewController.swift */; };
		15446C661CCCB64D00FA524C /* OAuthViewController.swift in Sources */ = {isa = PBXBuildFile; fileRef = 15446C651CCCB64D00FA524C /* OAuthViewController.swift */; };
		15446C711CCDF09600FA524C /* UserAccount.swift in Sources */ = {isa = PBXBuildFile; fileRef = 15446C701CCDF09600FA524C /* UserAccount.swift */; };
		15446C731CCDF55600FA524C /* String+category.swift in Sources */ = {isa = PBXBuildFile; fileRef = 15446C721CCDF55600FA524C /* String+category.swift */; };
		157CC71D1CBC8ED8009FE3D8 /* MainVCSettings.json in Resources */ = {isa = PBXBuildFile; fileRef = 157CC71B1CBC8ED8009FE3D8 /* MainVCSettings.json */; };
		157CC71E1CBC8ED8009FE3D8 /* NullViewController.swift in Sources */ = {isa = PBXBuildFile; fileRef = 157CC71C1CBC8ED8009FE3D8 /* NullViewController.swift */; };
		157CC7221CBCC945009FE3D8 /* BaseViewController.swift in Sources */ = {isa = PBXBuildFile; fileRef = 157CC7211CBCC945009FE3D8 /* BaseViewController.swift */; };
		157CC75E1CBCF766009FE3D8 /* VisitorView.swift in Sources */ = {isa = PBXBuildFile; fileRef = 157CC75D1CBCF766009FE3D8 /* VisitorView.swift */; };
		157CC7601CBD5DF2009FE3D8 /* UIBarButtonItem+Extension.swift in Sources */ = {isa = PBXBuildFile; fileRef = 157CC75F1CBD5DF2009FE3D8 /* UIBarButtonItem+Extension.swift */; };
		157CC7641CBDEBFF009FE3D8 /* TitleButton.swift in Sources */ = {isa = PBXBuildFile; fileRef = 157CC7631CBDEBFF009FE3D8 /* TitleButton.swift */; };
		157CC7681CBF3152009FE3D8 /* PopoverViewController.storyboard in Resources */ = {isa = PBXBuildFile; fileRef = 157CC7671CBF3152009FE3D8 /* PopoverViewController.storyboard */; };
		157CC76A1CBF60E5009FE3D8 /* PopoverPresentationController.swift in Sources */ = {isa = PBXBuildFile; fileRef = 157CC7691CBF60E5009FE3D8 /* PopoverPresentationController.swift */; };
		15EA1E9E1CB6BB6D00104F85 /* AppDelegate.swift in Sources */ = {isa = PBXBuildFile; fileRef = 15EA1E9D1CB6BB6D00104F85 /* AppDelegate.swift */; };
		15EA1EA51CB6BB6D00104F85 /* Assets.xcassets in Resources */ = {isa = PBXBuildFile; fileRef = 15EA1EA41CB6BB6D00104F85 /* Assets.xcassets */; };
		15EA1EB31CB6BB6D00104F85 /* weiboTests.swift in Sources */ = {isa = PBXBuildFile; fileRef = 15EA1EB21CB6BB6D00104F85 /* weiboTests.swift */; };
		15EA1EBE1CB6BB6D00104F85 /* weiboUITests.swift in Sources */ = {isa = PBXBuildFile; fileRef = 15EA1EBD1CB6BB6D00104F85 /* weiboUITests.swift */; };
		15EA1ED31CB7ED1000104F85 /* HomeViewController.swift in Sources */ = {isa = PBXBuildFile; fileRef = 15EA1ED21CB7ED1000104F85 /* HomeViewController.swift */; };
		15EA1ED51CB7EE7200104F85 /* TabBarController.swift in Sources */ = {isa = PBXBuildFile; fileRef = 15EA1ED41CB7EE7200104F85 /* TabBarController.swift */; };
		15EA1ED71CB7F18800104F85 /* MessageViewController.swift in Sources */ = {isa = PBXBuildFile; fileRef = 15EA1ED61CB7F18800104F85 /* MessageViewController.swift */; };
		15EA1EDB1CB7F1E300104F85 /* ProfileViewController.swift in Sources */ = {isa = PBXBuildFile; fileRef = 15EA1EDA1CB7F1E300104F85 /* ProfileViewController.swift */; };
		15EA1EE01CB7F44F00104F85 /* DiscoverViewController.swift in Sources */ = {isa = PBXBuildFile; fileRef = 15EA1EDF1CB7F44F00104F85 /* DiscoverViewController.swift */; };
		814DDC22F6EE3327887A1C22 /* Pods.framework in Frameworks */ = {isa = PBXBuildFile; fileRef = 55D1C0B646CBEDBFFF536BD7 /* Pods.framework */; };
/* End PBXBuildFile section */

/* Begin PBXContainerItemProxy section */
		15EA1EAF1CB6BB6D00104F85 /* PBXContainerItemProxy */ = {
			isa = PBXContainerItemProxy;
			containerPortal = 15EA1E921CB6BB6D00104F85 /* Project object */;
			proxyType = 1;
			remoteGlobalIDString = 15EA1E991CB6BB6D00104F85;
			remoteInfo = weibo;
		};
		15EA1EBA1CB6BB6D00104F85 /* PBXContainerItemProxy */ = {
			isa = PBXContainerItemProxy;
			containerPortal = 15EA1E921CB6BB6D00104F85 /* Project object */;
			proxyType = 1;
			remoteGlobalIDString = 15EA1E991CB6BB6D00104F85;
			remoteInfo = weibo;
		};
/* End PBXContainerItemProxy section */

/* Begin PBXFileReference section */
		089005342ED6B43B061DAE03 /* Pods.debug.xcconfig */ = {isa = PBXFileReference; includeInIndex = 1; lastKnownFileType = text.xcconfig; name = Pods.debug.xcconfig; path = "Pods/Target Support Files/Pods/Pods.debug.xcconfig"; sourceTree = "<group>"; };
		153EE9371CC08AF900EC772E /* PopoverAnimator.swift */ = {isa = PBXFileReference; fileEncoding = 4; lastKnownFileType = sourcecode.swift; path = PopoverAnimator.swift; sourceTree = "<group>"; };
		153EE93A1CC09A1C00EC772E /* QRCodeViewController.storyboard */ = {isa = PBXFileReference; fileEncoding = 4; lastKnownFileType = file.storyboard; path = QRCodeViewController.storyboard; sourceTree = "<group>"; };
		153EE93C1CC09A3900EC772E /* QRCodeViewController.swift */ = {isa = PBXFileReference; fileEncoding = 4; lastKnownFileType = sourcecode.swift; path = QRCodeViewController.swift; sourceTree = "<group>"; };
		15446C621CCB6B8000FA524C /* QRCodeCardViewController.swift */ = {isa = PBXFileReference; fileEncoding = 4; lastKnownFileType = sourcecode.swift; path = QRCodeCardViewController.swift; sourceTree = "<group>"; };
		15446C651CCCB64D00FA524C /* OAuthViewController.swift */ = {isa = PBXFileReference; fileEncoding = 4; lastKnownFileType = sourcecode.swift; path = OAuthViewController.swift; sourceTree = "<group>"; };
		15446C6A1CCCC84500FA524C /* PrefixHeader.pch */ = {isa = PBXFileReference; fileEncoding = 4; lastKnownFileType = sourcecode.c.h; path = PrefixHeader.pch; sourceTree = "<group>"; };
		15446C701CCDF09600FA524C /* UserAccount.swift */ = {isa = PBXFileReference; fileEncoding = 4; lastKnownFileType = sourcecode.swift; path = UserAccount.swift; sourceTree = "<group>"; };
		15446C721CCDF55600FA524C /* String+category.swift */ = {isa = PBXFileReference; fileEncoding = 4; lastKnownFileType = sourcecode.swift; path = "String+category.swift"; sourceTree = "<group>"; };
		157CC71B1CBC8ED8009FE3D8 /* MainVCSettings.json */ = {isa = PBXFileReference; fileEncoding = 4; lastKnownFileType = text.json; path = MainVCSettings.json; sourceTree = "<group>"; };
		157CC71C1CBC8ED8009FE3D8 /* NullViewController.swift */ = {isa = PBXFileReference; fileEncoding = 4; lastKnownFileType = sourcecode.swift; path = NullViewController.swift; sourceTree = "<group>"; };
		157CC7211CBCC945009FE3D8 /* BaseViewController.swift */ = {isa = PBXFileReference; fileEncoding = 4; lastKnownFileType = sourcecode.swift; path = BaseViewController.swift; sourceTree = "<group>"; };
		157CC75D1CBCF766009FE3D8 /* VisitorView.swift */ = {isa = PBXFileReference; fileEncoding = 4; lastKnownFileType = sourcecode.swift; path = VisitorView.swift; sourceTree = "<group>"; };
		157CC75F1CBD5DF2009FE3D8 /* UIBarButtonItem+Extension.swift */ = {isa = PBXFileReference; fileEncoding = 4; lastKnownFileType = sourcecode.swift; path = "UIBarButtonItem+Extension.swift"; sourceTree = "<group>"; };
		157CC7631CBDEBFF009FE3D8 /* TitleButton.swift */ = {isa = PBXFileReference; fileEncoding = 4; lastKnownFileType = sourcecode.swift; path = TitleButton.swift; sourceTree = "<group>"; };
		157CC7671CBF3152009FE3D8 /* PopoverViewController.storyboard */ = {isa = PBXFileReference; fileEncoding = 4; lastKnownFileType = file.storyboard; path = PopoverViewController.storyboard; sourceTree = "<group>"; };
		157CC7691CBF60E5009FE3D8 /* PopoverPresentationController.swift */ = {isa = PBXFileReference; fileEncoding = 4; lastKnownFileType = sourcecode.swift; path = PopoverPresentationController.swift; sourceTree = "<group>"; };
		15EA1E9A1CB6BB6D00104F85 /* weibo.app */ = {isa = PBXFileReference; explicitFileType = wrapper.application; includeInIndex = 0; path = weibo.app; sourceTree = BUILT_PRODUCTS_DIR; };
		15EA1E9D1CB6BB6D00104F85 /* AppDelegate.swift */ = {isa = PBXFileReference; lastKnownFileType = sourcecode.swift; path = AppDelegate.swift; sourceTree = "<group>"; };
		15EA1EA41CB6BB6D00104F85 /* Assets.xcassets */ = {isa = PBXFileReference; lastKnownFileType = folder.assetcatalog; path = Assets.xcassets; sourceTree = "<group>"; };
		15EA1EA91CB6BB6D00104F85 /* Info.plist */ = {isa = PBXFileReference; lastKnownFileType = text.plist.xml; path = Info.plist; sourceTree = "<group>"; };
		15EA1EAE1CB6BB6D00104F85 /* weiboTests.xctest */ = {isa = PBXFileReference; explicitFileType = wrapper.cfbundle; includeInIndex = 0; path = weiboTests.xctest; sourceTree = BUILT_PRODUCTS_DIR; };
		15EA1EB21CB6BB6D00104F85 /* weiboTests.swift */ = {isa = PBXFileReference; lastKnownFileType = sourcecode.swift; path = weiboTests.swift; sourceTree = "<group>"; };
		15EA1EB41CB6BB6D00104F85 /* Info.plist */ = {isa = PBXFileReference; lastKnownFileType = text.plist.xml; path = Info.plist; sourceTree = "<group>"; };
		15EA1EB91CB6BB6D00104F85 /* weiboUITests.xctest */ = {isa = PBXFileReference; explicitFileType = wrapper.cfbundle; includeInIndex = 0; path = weiboUITests.xctest; sourceTree = BUILT_PRODUCTS_DIR; };
		15EA1EBD1CB6BB6D00104F85 /* weiboUITests.swift */ = {isa = PBXFileReference; lastKnownFileType = sourcecode.swift; path = weiboUITests.swift; sourceTree = "<group>"; };
		15EA1EBF1CB6BB6D00104F85 /* Info.plist */ = {isa = PBXFileReference; lastKnownFileType = text.plist.xml; path = Info.plist; sourceTree = "<group>"; };
		15EA1ED21CB7ED1000104F85 /* HomeViewController.swift */ = {isa = PBXFileReference; fileEncoding = 4; lastKnownFileType = sourcecode.swift; path = HomeViewController.swift; sourceTree = "<group>"; };
		15EA1ED41CB7EE7200104F85 /* TabBarController.swift */ = {isa = PBXFileReference; fileEncoding = 4; lastKnownFileType = sourcecode.swift; path = TabBarController.swift; sourceTree = "<group>"; };
		15EA1ED61CB7F18800104F85 /* MessageViewController.swift */ = {isa = PBXFileReference; fileEncoding = 4; lastKnownFileType = sourcecode.swift; path = MessageViewController.swift; sourceTree = "<group>"; };
		15EA1EDA1CB7F1E300104F85 /* ProfileViewController.swift */ = {isa = PBXFileReference; fileEncoding = 4; lastKnownFileType = sourcecode.swift; path = ProfileViewController.swift; sourceTree = "<group>"; };
		15EA1EDF1CB7F44F00104F85 /* DiscoverViewController.swift */ = {isa = PBXFileReference; fileEncoding = 4; lastKnownFileType = sourcecode.swift; path = DiscoverViewController.swift; sourceTree = "<group>"; };
		423CD7EEBBE33C164FA180D1 /* Pods.release.xcconfig */ = {isa = PBXFileReference; includeInIndex = 1; lastKnownFileType = text.xcconfig; name = Pods.release.xcconfig; path = "Pods/Target Support Files/Pods/Pods.release.xcconfig"; sourceTree = "<group>"; };
		55D1C0B646CBEDBFFF536BD7 /* Pods.framework */ = {isa = PBXFileReference; explicitFileType = wrapper.framework; includeInIndex = 0; path = Pods.framework; sourceTree = BUILT_PRODUCTS_DIR; };
/* End PBXFileReference section */

/* Begin PBXFrameworksBuildPhase section */
		15EA1E971CB6BB6D00104F85 /* Frameworks */ = {
			isa = PBXFrameworksBuildPhase;
			buildActionMask = 2147483647;
			files = (
				814DDC22F6EE3327887A1C22 /* Pods.framework in Frameworks */,
			);
			runOnlyForDeploymentPostprocessing = 0;
		};
		15EA1EAB1CB6BB6D00104F85 /* Frameworks */ = {
			isa = PBXFrameworksBuildPhase;
			buildActionMask = 2147483647;
			files = (
			);
			runOnlyForDeploymentPostprocessing = 0;
		};
		15EA1EB61CB6BB6D00104F85 /* Frameworks */ = {
			isa = PBXFrameworksBuildPhase;
			buildActionMask = 2147483647;
			files = (
			);
			runOnlyForDeploymentPostprocessing = 0;
		};
/* End PBXFrameworksBuildPhase section */

/* Begin PBXGroup section */
		153EE9391CC099F300EC772E /* QRCode */ = {
			isa = PBXGroup;
			children = (
				153EE93A1CC09A1C00EC772E /* QRCodeViewController.storyboard */,
				153EE93C1CC09A3900EC772E /* QRCodeViewController.swift */,
				15446C621CCB6B8000FA524C /* QRCodeCardViewController.swift */,
			);
			path = QRCode;
			sourceTree = "<group>";
		};
		15446C641CCCB63300FA524C /* OAuth */ = {
			isa = PBXGroup;
			children = (
				15446C651CCCB64D00FA524C /* OAuthViewController.swift */,
			);
			path = OAuth;
			sourceTree = "<group>";
		};
		15446C671CCCC00B00FA524C /* Tools */ = {
			isa = PBXGroup;
			children = (
				15446C721CCDF55600FA524C /* String+category.swift */,
			);
			path = Tools;
			sourceTree = "<group>";
		};
		15446C6F1CCDF07400FA524C /* Models */ = {
			isa = PBXGroup;
			children = (
				15446C701CCDF09600FA524C /* UserAccount.swift */,
			);
			path = Models;
			sourceTree = "<group>";
		};
		157CC71A1CBC8ED8009FE3D8 /* Resource */ = {
			isa = PBXGroup;
			children = (
				157CC71B1CBC8ED8009FE3D8 /* MainVCSettings.json */,
				157CC71C1CBC8ED8009FE3D8 /* NullViewController.swift */,
			);
			path = Resource;
			sourceTree = "<group>";
		};
		157CC7661CBF311E009FE3D8 /* Popover */ = {
			isa = PBXGroup;
			children = (
				157CC7671CBF3152009FE3D8 /* PopoverViewController.storyboard */,
				157CC7691CBF60E5009FE3D8 /* PopoverPresentationController.swift */,
				153EE9371CC08AF900EC772E /* PopoverAnimator.swift */,
			);
			path = Popover;
			sourceTree = "<group>";
		};
		15EA1E911CB6BB6D00104F85 = {
			isa = PBXGroup;
			children = (
				15EA1E9C1CB6BB6D00104F85 /* weibo */,
				15EA1EB11CB6BB6D00104F85 /* weiboTests */,
				15EA1EBC1CB6BB6D00104F85 /* weiboUITests */,
				15EA1E9B1CB6BB6D00104F85 /* Products */,
				8252A1B3FBA37AE5B24E41DC /* Pods */,
				383F5059CF329416EDAA7DCF /* Frameworks */,
			);
			sourceTree = "<group>";
		};
		15EA1E9B1CB6BB6D00104F85 /* Products */ = {
			isa = PBXGroup;
			children = (
				15EA1E9A1CB6BB6D00104F85 /* weibo.app */,
				15EA1EAE1CB6BB6D00104F85 /* weiboTests.xctest */,
				15EA1EB91CB6BB6D00104F85 /* weiboUITests.xctest */,
			);
			name = Products;
			sourceTree = "<group>";
		};
		15EA1E9C1CB6BB6D00104F85 /* weibo */ = {
			isa = PBXGroup;
			children = (
				15EA1E9D1CB6BB6D00104F85 /* AppDelegate.swift */,
				15446C6A1CCCC84500FA524C /* PrefixHeader.pch */,
				15EA1ECB1CB7ECA200104F85 /* Classes */,
				15EA1EA41CB6BB6D00104F85 /* Assets.xcassets */,
				15EA1EA91CB6BB6D00104F85 /* Info.plist */,
			);
			path = weibo;
			sourceTree = "<group>";
		};
		15EA1EB11CB6BB6D00104F85 /* weiboTests */ = {
			isa = PBXGroup;
			children = (
				15EA1EB21CB6BB6D00104F85 /* weiboTests.swift */,
				15EA1EB41CB6BB6D00104F85 /* Info.plist */,
			);
			path = weiboTests;
			sourceTree = "<group>";
		};
		15EA1EBC1CB6BB6D00104F85 /* weiboUITests */ = {
			isa = PBXGroup;
			children = (
				15EA1EBD1CB6BB6D00104F85 /* weiboUITests.swift */,
				15EA1EBF1CB6BB6D00104F85 /* Info.plist */,
			);
			path = weiboUITests;
			sourceTree = "<group>";
		};
		15EA1ECB1CB7ECA200104F85 /* Classes */ = {
			isa = PBXGroup;
			children = (
				15446C6F1CCDF07400FA524C /* Models */,
				15446C671CCCC00B00FA524C /* Tools */,
				15446C641CCCB63300FA524C /* OAuth */,
				15EA1ECC1CB7ECA200104F85 /* Common */,
				15EA1ECF1CB7ECA200104F85 /* Main */,
				15EA1ECE1CB7ECA200104F85 /* Home */,
				15EA1ED01CB7ECA200104F85 /* Message */,
				15EA1EDE1CB7F43A00104F85 /* Discover */,
				15EA1ED11CB7ECA200104F85 /* Profile */,
			);
			path = Classes;
			sourceTree = "<group>";
		};
		15EA1ECC1CB7ECA200104F85 /* Common */ = {
			isa = PBXGroup;
			children = (
				157CC75F1CBD5DF2009FE3D8 /* UIBarButtonItem+Extension.swift */,
				157CC7631CBDEBFF009FE3D8 /* TitleButton.swift */,
			);
			path = Common;
			sourceTree = "<group>";
		};
		15EA1ECE1CB7ECA200104F85 /* Home */ = {
			isa = PBXGroup;
			children = (
				153EE9391CC099F300EC772E /* QRCode */,
				157CC7661CBF311E009FE3D8 /* Popover */,
				15EA1ED21CB7ED1000104F85 /* HomeViewController.swift */,
			);
			path = Home;
			sourceTree = "<group>";
		};
		15EA1ECF1CB7ECA200104F85 /* Main */ = {
			isa = PBXGroup;
			children = (
				15EA1ED41CB7EE7200104F85 /* TabBarController.swift */,
				157CC7211CBCC945009FE3D8 /* BaseViewController.swift */,
				157CC75D1CBCF766009FE3D8 /* VisitorView.swift */,
				157CC71A1CBC8ED8009FE3D8 /* Resource */,
			);
			path = Main;
			sourceTree = "<group>";
		};
		15EA1ED01CB7ECA200104F85 /* Message */ = {
			isa = PBXGroup;
			children = (
				15EA1ED61CB7F18800104F85 /* MessageViewController.swift */,
			);
			path = Message;
			sourceTree = "<group>";
		};
		15EA1ED11CB7ECA200104F85 /* Profile */ = {
			isa = PBXGroup;
			children = (
				15EA1EDA1CB7F1E300104F85 /* ProfileViewController.swift */,
			);
			path = Profile;
			sourceTree = "<group>";
		};
		15EA1EDE1CB7F43A00104F85 /* Discover */ = {
			isa = PBXGroup;
			children = (
				15EA1EDF1CB7F44F00104F85 /* DiscoverViewController.swift */,
			);
			path = Discover;
			sourceTree = "<group>";
		};
		383F5059CF329416EDAA7DCF /* Frameworks */ = {
			isa = PBXGroup;
			children = (
				55D1C0B646CBEDBFFF536BD7 /* Pods.framework */,
			);
			name = Frameworks;
			sourceTree = "<group>";
		};
		8252A1B3FBA37AE5B24E41DC /* Pods */ = {
			isa = PBXGroup;
			children = (
				089005342ED6B43B061DAE03 /* Pods.debug.xcconfig */,
				423CD7EEBBE33C164FA180D1 /* Pods.release.xcconfig */,
			);
			name = Pods;
			sourceTree = "<group>";
		};
/* End PBXGroup section */

/* Begin PBXNativeTarget section */
		15EA1E991CB6BB6D00104F85 /* weibo */ = {
			isa = PBXNativeTarget;
			buildConfigurationList = 15EA1EC21CB6BB6D00104F85 /* Build configuration list for PBXNativeTarget "weibo" */;
			buildPhases = (
				B781D51EC1A61ED33230CB82 /* Check Pods Manifest.lock */,
				15EA1E961CB6BB6D00104F85 /* Sources */,
				15EA1E971CB6BB6D00104F85 /* Frameworks */,
				15EA1E981CB6BB6D00104F85 /* Resources */,
				8EA3679EC97F108A09CEF059 /* Embed Pods Frameworks */,
				73858EB90CB133C389A1860E /* Copy Pods Resources */,
			);
			buildRules = (
			);
			dependencies = (
			);
			name = weibo;
			productName = weibo;
			productReference = 15EA1E9A1CB6BB6D00104F85 /* weibo.app */;
			productType = "com.apple.product-type.application";
		};
		15EA1EAD1CB6BB6D00104F85 /* weiboTests */ = {
			isa = PBXNativeTarget;
			buildConfigurationList = 15EA1EC51CB6BB6D00104F85 /* Build configuration list for PBXNativeTarget "weiboTests" */;
			buildPhases = (
				15EA1EAA1CB6BB6D00104F85 /* Sources */,
				15EA1EAB1CB6BB6D00104F85 /* Frameworks */,
				15EA1EAC1CB6BB6D00104F85 /* Resources */,
			);
			buildRules = (
			);
			dependencies = (
				15EA1EB01CB6BB6D00104F85 /* PBXTargetDependency */,
			);
			name = weiboTests;
			productName = weiboTests;
			productReference = 15EA1EAE1CB6BB6D00104F85 /* weiboTests.xctest */;
			productType = "com.apple.product-type.bundle.unit-test";
		};
		15EA1EB81CB6BB6D00104F85 /* weiboUITests */ = {
			isa = PBXNativeTarget;
			buildConfigurationList = 15EA1EC81CB6BB6D00104F85 /* Build configuration list for PBXNativeTarget "weiboUITests" */;
			buildPhases = (
				15EA1EB51CB6BB6D00104F85 /* Sources */,
				15EA1EB61CB6BB6D00104F85 /* Frameworks */,
				15EA1EB71CB6BB6D00104F85 /* Resources */,
			);
			buildRules = (
			);
			dependencies = (
				15EA1EBB1CB6BB6D00104F85 /* PBXTargetDependency */,
			);
			name = weiboUITests;
			productName = weiboUITests;
			productReference = 15EA1EB91CB6BB6D00104F85 /* weiboUITests.xctest */;
			productType = "com.apple.product-type.bundle.ui-testing";
		};
/* End PBXNativeTarget section */

/* Begin PBXProject section */
		15EA1E921CB6BB6D00104F85 /* Project object */ = {
			isa = PBXProject;
			attributes = {
				LastSwiftUpdateCheck = 0730;
				LastUpgradeCheck = 0730;
				ORGANIZATIONNAME = jisudong;
				TargetAttributes = {
					15EA1E991CB6BB6D00104F85 = {
						CreatedOnToolsVersion = 7.3;
					};
					15EA1EAD1CB6BB6D00104F85 = {
						CreatedOnToolsVersion = 7.3;
						TestTargetID = 15EA1E991CB6BB6D00104F85;
					};
					15EA1EB81CB6BB6D00104F85 = {
						CreatedOnToolsVersion = 7.3;
						TestTargetID = 15EA1E991CB6BB6D00104F85;
					};
				};
			};
			buildConfigurationList = 15EA1E951CB6BB6D00104F85 /* Build configuration list for PBXProject "weibo" */;
			compatibilityVersion = "Xcode 3.2";
			developmentRegion = English;
			hasScannedForEncodings = 0;
			knownRegions = (
				en,
				Base,
			);
			mainGroup = 15EA1E911CB6BB6D00104F85;
			productRefGroup = 15EA1E9B1CB6BB6D00104F85 /* Products */;
			projectDirPath = "";
			projectRoot = "";
			targets = (
				15EA1E991CB6BB6D00104F85 /* weibo */,
				15EA1EAD1CB6BB6D00104F85 /* weiboTests */,
				15EA1EB81CB6BB6D00104F85 /* weiboUITests */,
			);
		};
/* End PBXProject section */

/* Begin PBXResourcesBuildPhase section */
		15EA1E981CB6BB6D00104F85 /* Resources */ = {
			isa = PBXResourcesBuildPhase;
			buildActionMask = 2147483647;
			files = (
				157CC7681CBF3152009FE3D8 /* PopoverViewController.storyboard in Resources */,
				157CC71D1CBC8ED8009FE3D8 /* MainVCSettings.json in Resources */,
				15EA1EA51CB6BB6D00104F85 /* Assets.xcassets in Resources */,
				153EE93B1CC09A1C00EC772E /* QRCodeViewController.storyboard in Resources */,
			);
			runOnlyForDeploymentPostprocessing = 0;
		};
		15EA1EAC1CB6BB6D00104F85 /* Resources */ = {
			isa = PBXResourcesBuildPhase;
			buildActionMask = 2147483647;
			files = (
			);
			runOnlyForDeploymentPostprocessing = 0;
		};
		15EA1EB71CB6BB6D00104F85 /* Resources */ = {
			isa = PBXResourcesBuildPhase;
			buildActionMask = 2147483647;
			files = (
			);
			runOnlyForDeploymentPostprocessing = 0;
		};
/* End PBXResourcesBuildPhase section */

/* Begin PBXShellScriptBuildPhase section */
		73858EB90CB133C389A1860E /* Copy Pods Resources */ = {
			isa = PBXShellScriptBuildPhase;
			buildActionMask = 2147483647;
			files = (
			);
			inputPaths = (
			);
			name = "Copy Pods Resources";
			outputPaths = (
			);
			runOnlyForDeploymentPostprocessing = 0;
			shellPath = /bin/sh;
			shellScript = "\"${SRCROOT}/Pods/Target Support Files/Pods/Pods-resources.sh\"\n";
			showEnvVarsInLog = 0;
		};
		8EA3679EC97F108A09CEF059 /* Embed Pods Frameworks */ = {
			isa = PBXShellScriptBuildPhase;
			buildActionMask = 2147483647;
			files = (
			);
			inputPaths = (
			);
			name = "Embed Pods Frameworks";
			outputPaths = (
			);
			runOnlyForDeploymentPostprocessing = 0;
			shellPath = /bin/sh;
			shellScript = "\"${SRCROOT}/Pods/Target Support Files/Pods/Pods-frameworks.sh\"\n";
			showEnvVarsInLog = 0;
		};
		B781D51EC1A61ED33230CB82 /* Check Pods Manifest.lock */ = {
			isa = PBXShellScriptBuildPhase;
			buildActionMask = 2147483647;
			files = (
			);
			inputPaths = (
			);
			name = "Check Pods Manifest.lock";
			outputPaths = (
			);
			runOnlyForDeploymentPostprocessing = 0;
			shellPath = /bin/sh;
			shellScript = "diff \"${PODS_ROOT}/../Podfile.lock\" \"${PODS_ROOT}/Manifest.lock\" > /dev/null\nif [[ $? != 0 ]] ; then\n    cat << EOM\nerror: The sandbox is not in sync with the Podfile.lock. Run 'pod install' or update your CocoaPods installation.\nEOM\n    exit 1\nfi\n";
			showEnvVarsInLog = 0;
		};
/* End PBXShellScriptBuildPhase section */

/* Begin PBXSourcesBuildPhase section */
		15EA1E961CB6BB6D00104F85 /* Sources */ = {
			isa = PBXSourcesBuildPhase;
			buildActionMask = 2147483647;
			files = (
				15EA1EDB1CB7F1E300104F85 /* ProfileViewController.swift in Sources */,
				15EA1ED51CB7EE7200104F85 /* TabBarController.swift in Sources */,
				157CC7601CBD5DF2009FE3D8 /* UIBarButtonItem+Extension.swift in Sources */,
				15EA1E9E1CB6BB6D00104F85 /* AppDelegate.swift in Sources */,
				15446C661CCCB64D00FA524C /* OAuthViewController.swift in Sources */,
				157CC7641CBDEBFF009FE3D8 /* TitleButton.swift in Sources */,
				15446C731CCDF55600FA524C /* String+category.swift in Sources */,
				157CC76A1CBF60E5009FE3D8 /* PopoverPresentationController.swift in Sources */,
				15446C631CCB6B8000FA524C /* QRCodeCardViewController.swift in Sources */,
				15446C711CCDF09600FA524C /* UserAccount.swift in Sources */,
				15EA1EE01CB7F44F00104F85 /* DiscoverViewController.swift in Sources */,
				153EE9381CC08AF900EC772E /* PopoverAnimator.swift in Sources */,
				15EA1ED71CB7F18800104F85 /* MessageViewController.swift in Sources */,
				157CC7221CBCC945009FE3D8 /* BaseViewController.swift in Sources */,
				157CC75E1CBCF766009FE3D8 /* VisitorView.swift in Sources */,
				15EA1ED31CB7ED1000104F85 /* HomeViewController.swift in Sources */,
				153EE93D1CC09A3900EC772E /* QRCodeViewController.swift in Sources */,
				157CC71E1CBC8ED8009FE3D8 /* NullViewController.swift in Sources */,
			);
			runOnlyForDeploymentPostprocessing = 0;
		};
		15EA1EAA1CB6BB6D00104F85 /* Sources */ = {
			isa = PBXSourcesBuildPhase;
			buildActionMask = 2147483647;
			files = (
				15EA1EB31CB6BB6D00104F85 /* weiboTests.swift in Sources */,
			);
			runOnlyForDeploymentPostprocessing = 0;
		};
		15EA1EB51CB6BB6D00104F85 /* Sources */ = {
			isa = PBXSourcesBuildPhase;
			buildActionMask = 2147483647;
			files = (
				15EA1EBE1CB6BB6D00104F85 /* weiboUITests.swift in Sources */,
			);
			runOnlyForDeploymentPostprocessing = 0;
		};
/* End PBXSourcesBuildPhase section */

/* Begin PBXTargetDependency section */
		15EA1EB01CB6BB6D00104F85 /* PBXTargetDependency */ = {
			isa = PBXTargetDependency;
			target = 15EA1E991CB6BB6D00104F85 /* weibo */;
			targetProxy = 15EA1EAF1CB6BB6D00104F85 /* PBXContainerItemProxy */;
		};
		15EA1EBB1CB6BB6D00104F85 /* PBXTargetDependency */ = {
			isa = PBXTargetDependency;
			target = 15EA1E991CB6BB6D00104F85 /* weibo */;
			targetProxy = 15EA1EBA1CB6BB6D00104F85 /* PBXContainerItemProxy */;
		};
/* End PBXTargetDependency section */

/* Begin XCBuildConfiguration section */
		15EA1EC01CB6BB6D00104F85 /* Debug */ = {
			isa = XCBuildConfiguration;
			buildSettings = {
				ALWAYS_SEARCH_USER_PATHS = NO;
				CLANG_ANALYZER_NONNULL = YES;
				CLANG_CXX_LANGUAGE_STANDARD = "gnu++0x";
				CLANG_CXX_LIBRARY = "libc++";
				CLANG_ENABLE_MODULES = YES;
				CLANG_ENABLE_OBJC_ARC = YES;
				CLANG_WARN_BOOL_CONVERSION = YES;
				CLANG_WARN_CONSTANT_CONVERSION = YES;
				CLANG_WARN_DIRECT_OBJC_ISA_USAGE = YES_ERROR;
				CLANG_WARN_EMPTY_BODY = YES;
				CLANG_WARN_ENUM_CONVERSION = YES;
				CLANG_WARN_INT_CONVERSION = YES;
				CLANG_WARN_OBJC_ROOT_CLASS = YES_ERROR;
				CLANG_WARN_UNREACHABLE_CODE = YES;
				CLANG_WARN__DUPLICATE_METHOD_MATCH = YES;
				"CODE_SIGN_IDENTITY[sdk=iphoneos*]" = "iPhone Developer";
				COPY_PHASE_STRIP = NO;
				DEBUG_INFORMATION_FORMAT = dwarf;
				ENABLE_STRICT_OBJC_MSGSEND = YES;
				ENABLE_TESTABILITY = YES;
				GCC_C_LANGUAGE_STANDARD = gnu99;
				GCC_DYNAMIC_NO_PIC = NO;
				GCC_NO_COMMON_BLOCKS = YES;
				GCC_OPTIMIZATION_LEVEL = 0;
				GCC_PREPROCESSOR_DEFINITIONS = (
					"DEBUG=1",
					"$(inherited)",
				);
				GCC_WARN_64_TO_32_BIT_CONVERSION = YES;
				GCC_WARN_ABOUT_RETURN_TYPE = YES_ERROR;
				GCC_WARN_UNDECLARED_SELECTOR = YES;
				GCC_WARN_UNINITIALIZED_AUTOS = YES_AGGRESSIVE;
				GCC_WARN_UNUSED_FUNCTION = YES;
				GCC_WARN_UNUSED_VARIABLE = YES;
				IPHONEOS_DEPLOYMENT_TARGET = 9.3;
				MTL_ENABLE_DEBUG_INFO = YES;
				ONLY_ACTIVE_ARCH = YES;
				SDKROOT = iphoneos;
				SWIFT_OPTIMIZATION_LEVEL = "-Onone";
			};
			name = Debug;
		};
		15EA1EC11CB6BB6D00104F85 /* Release */ = {
			isa = XCBuildConfiguration;
			buildSettings = {
				ALWAYS_SEARCH_USER_PATHS = NO;
				CLANG_ANALYZER_NONNULL = YES;
				CLANG_CXX_LANGUAGE_STANDARD = "gnu++0x";
				CLANG_CXX_LIBRARY = "libc++";
				CLANG_ENABLE_MODULES = YES;
				CLANG_ENABLE_OBJC_ARC = YES;
				CLANG_WARN_BOOL_CONVERSION = YES;
				CLANG_WARN_CONSTANT_CONVERSION = YES;
				CLANG_WARN_DIRECT_OBJC_ISA_USAGE = YES_ERROR;
				CLANG_WARN_EMPTY_BODY = YES;
				CLANG_WARN_ENUM_CONVERSION = YES;
				CLANG_WARN_INT_CONVERSION = YES;
				CLANG_WARN_OBJC_ROOT_CLASS = YES_ERROR;
				CLANG_WARN_UNREACHABLE_CODE = YES;
				CLANG_WARN__DUPLICATE_METHOD_MATCH = YES;
				"CODE_SIGN_IDENTITY[sdk=iphoneos*]" = "iPhone Developer";
				COPY_PHASE_STRIP = NO;
				DEBUG_INFORMATION_FORMAT = "dwarf-with-dsym";
				ENABLE_NS_ASSERTIONS = NO;
				ENABLE_STRICT_OBJC_MSGSEND = YES;
				GCC_C_LANGUAGE_STANDARD = gnu99;
				GCC_NO_COMMON_BLOCKS = YES;
				GCC_WARN_64_TO_32_BIT_CONVERSION = YES;
				GCC_WARN_ABOUT_RETURN_TYPE = YES_ERROR;
				GCC_WARN_UNDECLARED_SELECTOR = YES;
				GCC_WARN_UNINITIALIZED_AUTOS = YES_AGGRESSIVE;
				GCC_WARN_UNUSED_FUNCTION = YES;
				GCC_WARN_UNUSED_VARIABLE = YES;
				IPHONEOS_DEPLOYMENT_TARGET = 9.3;
				MTL_ENABLE_DEBUG_INFO = NO;
				SDKROOT = iphoneos;
				VALIDATE_PRODUCT = YES;
			};
			name = Release;
		};
		15EA1EC31CB6BB6D00104F85 /* Debug */ = {
			isa = XCBuildConfiguration;
			baseConfigurationReference = 089005342ED6B43B061DAE03 /* Pods.debug.xcconfig */;
			buildSettings = {
				ASSETCATALOG_COMPILER_APPICON_NAME = AppIcon;
				ASSETCATALOG_COMPILER_LAUNCHIMAGE_NAME = LaunchImage;
				GCC_PRECOMPILE_PREFIX_HEADER = YES;
				GCC_PREFIX_HEADER = "$(SRCROOT)/weibo/PrefixHeader.pch";
				INFOPLIST_FILE = weibo/Info.plist;
				IPHONEOS_DEPLOYMENT_TARGET = 8.0;
				LD_RUNPATH_SEARCH_PATHS = "$(inherited) @executable_path/Frameworks";
				PRODUCT_BUNDLE_IDENTIFIER = jisudong.weibo;
				PRODUCT_NAME = "$(TARGET_NAME)";
				SWIFT_OBJC_BRIDGING_HEADER = weibo/PrefixHeader.pch;
			};
			name = Debug;
		};
		15EA1EC41CB6BB6D00104F85 /* Release */ = {
			isa = XCBuildConfiguration;
			baseConfigurationReference = 423CD7EEBBE33C164FA180D1 /* Pods.release.xcconfig */;
			buildSettings = {
				ASSETCATALOG_COMPILER_APPICON_NAME = AppIcon;
				ASSETCATALOG_COMPILER_LAUNCHIMAGE_NAME = LaunchImage;
				GCC_PRECOMPILE_PREFIX_HEADER = YES;
				GCC_PREFIX_HEADER = "$(SRCROOT)/weibo/PrefixHeader.pch";
				INFOPLIST_FILE = weibo/Info.plist;
				IPHONEOS_DEPLOYMENT_TARGET = 8.0;
				LD_RUNPATH_SEARCH_PATHS = "$(inherited) @executable_path/Frameworks";
				PRODUCT_BUNDLE_IDENTIFIER = jisudong.weibo;
				PRODUCT_NAME = "$(TARGET_NAME)";
				SWIFT_OBJC_BRIDGING_HEADER = weibo/PrefixHeader.pch;
			};
			name = Release;
		};
		15EA1EC61CB6BB6D00104F85 /* Debug */ = {
			isa = XCBuildConfiguration;
			buildSettings = {
				BUNDLE_LOADER = "$(TEST_HOST)";
				INFOPLIST_FILE = weiboTests/Info.plist;
				LD_RUNPATH_SEARCH_PATHS = "$(inherited) @executable_path/Frameworks @loader_path/Frameworks";
				PRODUCT_BUNDLE_IDENTIFIER = jisudong.weiboTests;
				PRODUCT_NAME = "$(TARGET_NAME)";
				TEST_HOST = "$(BUILT_PRODUCTS_DIR)/weibo.app/weibo";
			};
			name = Debug;
		};
		15EA1EC71CB6BB6D00104F85 /* Release */ = {
			isa = XCBuildConfiguration;
			buildSettings = {
				BUNDLE_LOADER = "$(TEST_HOST)";
				INFOPLIST_FILE = weiboTests/Info.plist;
				LD_RUNPATH_SEARCH_PATHS = "$(inherited) @executable_path/Frameworks @loader_path/Frameworks";
				PRODUCT_BUNDLE_IDENTIFIER = jisudong.weiboTests;
				PRODUCT_NAME = "$(TARGET_NAME)";
				TEST_HOST = "$(BUILT_PRODUCTS_DIR)/weibo.app/weibo";
			};
			name = Release;
		};
		15EA1EC91CB6BB6D00104F85 /* Debug */ = {
			isa = XCBuildConfiguration;
			buildSettings = {
				INFOPLIST_FILE = weiboUITests/Info.plist;
				LD_RUNPATH_SEARCH_PATHS = "$(inherited) @executable_path/Frameworks @loader_path/Frameworks";
				PRODUCT_BUNDLE_IDENTIFIER = jisudong.weiboUITests;
				PRODUCT_NAME = "$(TARGET_NAME)";
				TEST_TARGET_NAME = weibo;
			};
			name = Debug;
		};
		15EA1ECA1CB6BB6D00104F85 /* Release */ = {
			isa = XCBuildConfiguration;
			buildSettings = {
				INFOPLIST_FILE = weiboUITests/Info.plist;
				LD_RUNPATH_SEARCH_PATHS = "$(inherited) @executable_path/Frameworks @loader_path/Frameworks";
				PRODUCT_BUNDLE_IDENTIFIER = jisudong.weiboUITests;
				PRODUCT_NAME = "$(TARGET_NAME)";
				TEST_TARGET_NAME = weibo;
			};
			name = Release;
		};
/* End XCBuildConfiguration section */

/* Begin XCConfigurationList section */
		15EA1E951CB6BB6D00104F85 /* Build configuration list for PBXProject "weibo" */ = {
			isa = XCConfigurationList;
			buildConfigurations = (
				15EA1EC01CB6BB6D00104F85 /* Debug */,
				15EA1EC11CB6BB6D00104F85 /* Release */,
			);
			defaultConfigurationIsVisible = 0;
			defaultConfigurationName = Release;
		};
		15EA1EC21CB6BB6D00104F85 /* Build configuration list for PBXNativeTarget "weibo" */ = {
			isa = XCConfigurationList;
			buildConfigurations = (
				15EA1EC31CB6BB6D00104F85 /* Debug */,
				15EA1EC41CB6BB6D00104F85 /* Release */,
			);
			defaultConfigurationIsVisible = 0;
			defaultConfigurationName = Release;
		};
		15EA1EC51CB6BB6D00104F85 /* Build configuration list for PBXNativeTarget "weiboTests" */ = {
			isa = XCConfigurationList;
			buildConfigurations = (
				15EA1EC61CB6BB6D00104F85 /* Debug */,
				15EA1EC71CB6BB6D00104F85 /* Release */,
			);
			defaultConfigurationIsVisible = 0;
			defaultConfigurationName = Release;
		};
		15EA1EC81CB6BB6D00104F85 /* Build configuration list for PBXNativeTarget "weiboUITests" */ = {
			isa = XCConfigurationList;
			buildConfigurations = (
				15EA1EC91CB6BB6D00104F85 /* Debug */,
				15EA1ECA1CB6BB6D00104F85 /* Release */,
			);
			defaultConfigurationIsVisible = 0;
			defaultConfigurationName = Release;
		};
/* End XCConfigurationList section */
	};
	rootObject = 15EA1E921CB6BB6D00104F85 /* Project object */;
}
